
Microsoft Visual Studio Solution File, Format Version 12.00
# Visual Studio Version 17
VisualStudioVersion = 17.5.33414.496
MinimumVisualStudioVersion = 10.0.40219.1
Project("{FAE04EC0-301F-11D3-BF4B-00C04F79EFBC}") = "ModbusSlavePlus", "ModbusSlavePlus\ModbusSlavePlus.csproj", "{FAEE2F25-EA58-47D5-BE3E-533FABEA1CD6}"
EndProject
Project("{FAE04EC0-301F-11D3-BF4B-00C04F79EFBC}") = "NModbus4", "..\..\C#\openSrc\NModbus4-2.1.0\NModbus4\NModbus4.csproj", "{FF96B252-2B24-44A1-A09C-6401B5D7ED23}"
EndProject
Global
	GlobalSection(SolutionConfigurationPlatforms) = preSolution
		Debug|Any CPU = Debug|Any CPU
		Release|Any CPU = Release|Any CPU
	EndGlobalSection
	GlobalSection(ProjectConfigurationPlatforms) = postSolution
		{FAEE2F25-EA58-47D5-BE3E-533FABEA1CD6}.Debug|Any CPU.ActiveCfg = Debug|Any CPU
		{FAEE2F25-EA58-47D5-BE3E-533FABEA1CD6}.Debug|Any CPU.Build.0 = Debug|Any CPU
		{FAEE2F25-EA58-47D5-BE3E-533FABEA1CD6}.Release|Any CPU.ActiveCfg = Release|Any CPU
		{FAEE2F25-EA58-47D5-BE3E-533FABEA1CD6}.Release|Any CPU.Build.0 = Release|Any CPU
		{FF96B252-2B24-44A1-A09C-6401B5D7ED23}.Debug|Any CPU.ActiveCfg = Debug|Any CPU
		{FF96B252-2B24-44A1-A09C-6401B5D7ED23}.Debug|Any CPU.Build.0 = Debug|Any CPU
		{FF96B252-2B24-44A1-A09C-6401B5D7ED23}.Release|Any CPU.ActiveCfg = Release|Any CPU
		{FF96B252-2B24-44A1-A09C-6401B5D7ED23}.Release|Any CPU.Build.0 = Release|Any CPU
	EndGlobalSection
	GlobalSection(SolutionProperties) = preSolution
		HideSolutionNode = FALSE
	EndGlobalSection
	GlobalSection(ExtensibilityGlobals) = postSolution
		SolutionGuid = {B0AE3597-4F18-4CF1-9DBB-F7680BA740BD}
	EndGlobalSection
EndGlobal
